{
  "name": "api2cursor",
  "lockfileVersion": 3,
  "requires": true,
  "packages": {
    "": {
      "dependencies": {
        "trellis": "^1.0.0"
      }
    },
    "node_modules/trellis": {
      "version": "1.0.0",
      "resolved": "https://registry.npmjs.org/trellis/-/trellis-1.0.0.tgz",
      "integrity": "sha512-vWjPe4//vMbj6o85HYXNTK1uhe2JHKrVdm3M6uuaoD0NAQRgHvib5scjGrJTE+YFnaKEkkO6mjHLh0ebxWB0aA==",
      "license": "MIT"
    }
  }
}
